
Microsoft Visual Studio Solution File, Format Version 12.00
# Visual Studio Version 17
VisualStudioVersion = 17.2.32616.157
MinimumVisualStudioVersion = 10.0.40219.1
Project("{FAE04EC0-301F-11D3-BF4B-00C04F79EFBC}") = "Domain", "Domain\Domain.csproj", "{FFBCE82C-A2AB-4029-BE10-AD9F622FE70D}"
EndProject
Project("{FAE04EC0-301F-11D3-BF4B-00C04F79EFBC}") = "Infra.Data", "Infra.Data\Infra.Data.csproj", "{0CA1E756-1E52-4ED5-935A-2512692003AA}"
EndProject
Project("{FAE04EC0-301F-11D3-BF4B-00C04F79EFBC}") = "Application", "Application\Application.csproj", "{625C53DB-CC13-46FF-8C8B-FB08E10B29E5}"
EndProject
Project("{FAE04EC0-301F-11D3-BF4B-00C04F79EFBC}") = "Infra.Ioc", "Infra.Ioc\Infra.Ioc.csproj", "{5AC0A371-88B0-4598-8661-9E29EF65B64F}"
EndProject
Project("{FAE04EC0-301F-11D3-BF4B-00C04F79EFBC}") = "Api", "Api\Api.csproj", "{0A13C363-4793-4BAF-BE7C-011CF706FE5D}"
EndProject
Global
	GlobalSection(SolutionConfigurationPlatforms) = preSolution
		Debug|Any CPU = Debug|Any CPU
		Release|Any CPU = Release|Any CPU
	EndGlobalSection
	GlobalSection(ProjectConfigurationPlatforms) = postSolution
		{FFBCE82C-A2AB-4029-BE10-AD9F622FE70D}.Debug|Any CPU.ActiveCfg = Debug|Any CPU
		{FFBCE82C-A2AB-4029-BE10-AD9F622FE70D}.Debug|Any CPU.Build.0 = Debug|Any CPU
		{FFBCE82C-A2AB-4029-BE10-AD9F622FE70D}.Release|Any CPU.ActiveCfg = Release|Any CPU
		{FFBCE82C-A2AB-4029-BE10-AD9F622FE70D}.Release|Any CPU.Build.0 = Release|Any CPU
		{0CA1E756-1E52-4ED5-935A-2512692003AA}.Debug|Any CPU.ActiveCfg = Debug|Any CPU
		{0CA1E756-1E52-4ED5-935A-2512692003AA}.Debug|Any CPU.Build.0 = Debug|Any CPU
		{0CA1E756-1E52-4ED5-935A-2512692003AA}.Release|Any CPU.ActiveCfg = Release|Any CPU
		{0CA1E756-1E52-4ED5-935A-2512692003AA}.Release|Any CPU.Build.0 = Release|Any CPU
		{625C53DB-CC13-46FF-8C8B-FB08E10B29E5}.Debug|Any CPU.ActiveCfg = Debug|Any CPU
		{625C53DB-CC13-46FF-8C8B-FB08E10B29E5}.Debug|Any CPU.Build.0 = Debug|Any CPU
		{625C53DB-CC13-46FF-8C8B-FB08E10B29E5}.Release|Any CPU.ActiveCfg = Release|Any CPU
		{625C53DB-CC13-46FF-8C8B-FB08E10B29E5}.Release|Any CPU.Build.0 = Release|Any CPU
		{5AC0A371-88B0-4598-8661-9E29EF65B64F}.Debug|Any CPU.ActiveCfg = Debug|Any CPU
		{5AC0A371-88B0-4598-8661-9E29EF65B64F}.Debug|Any CPU.Build.0 = Debug|Any CPU
		{5AC0A371-88B0-4598-8661-9E29EF65B64F}.Release|Any CPU.ActiveCfg = Release|Any CPU
		{5AC0A371-88B0-4598-8661-9E29EF65B64F}.Release|Any CPU.Build.0 = Release|Any CPU
		{0A13C363-4793-4BAF-BE7C-011CF706FE5D}.Debug|Any CPU.ActiveCfg = Debug|Any CPU
		{0A13C363-4793-4BAF-BE7C-011CF706FE5D}.Debug|Any CPU.Build.0 = Debug|Any CPU
		{0A13C363-4793-4BAF-BE7C-011CF706FE5D}.Release|Any CPU.ActiveCfg = Release|Any CPU
		{0A13C363-4793-4BAF-BE7C-011CF706FE5D}.Release|Any CPU.Build.0 = Release|Any CPU
	EndGlobalSection
	GlobalSection(SolutionProperties) = preSolution
		HideSolutionNode = FALSE
	EndGlobalSection
	GlobalSection(ExtensibilityGlobals) = postSolution
		SolutionGuid = {5C344173-D32B-4E0C-A8CF-FA445205BEB5}
	EndGlobalSection
EndGlobal
